
Microsoft Visual Studio Solution File, Format Version 12.00
# Visual Studio Version 16
VisualStudioVersion = 16.0.29418.71
MinimumVisualStudioVersion = 10.0.40219.1
Project("{FAE04EC0-301F-11D3-BF4B-00C04F79EFBC}") = "AsteroidGame", "AsteroidGame\AsteroidGame.csproj", "{DFE50AF1-CF38-4A42-A1B7-E6D77C50A7EB}"
EndProject
Project("{2150E333-8FDC-42A3-9474-1A3956D46DE8}") = "Tests", "Tests", "{3E8C7A1E-7837-460B-BBEA-80E76ED17767}"
EndProject
Project("{FAE04EC0-301F-11D3-BF4B-00C04F79EFBC}") = "TestConsole", "Tests\TestConsole\TestConsole.csproj", "{EAFD6F82-800A-414C-92CC-D311BE22EB2C}"
EndProject
Project("{FAE04EC0-301F-11D3-BF4B-00C04F79EFBC}") = "Workers", "Workers\Workers.csproj", "{979A3B61-CC5E-47B4-9423-856BC20209CC}"
EndProject
Project("{FAE04EC0-301F-11D3-BF4B-00C04F79EFBC}") = "TestWPFApp", "TestWPFApp\TestWPFApp\TestWPFApp.csproj", "{5A9FA63B-A334-4902-8CBA-82108592AB40}"
EndProject
Project("{2150E333-8FDC-42A3-9474-1A3956D46DE8}") = "BindingTests", "BindingTests", "{C8A2C5A4-7A37-4D2B-97BA-28CA9D2C0BBD}"
EndProject
Project("{FAE04EC0-301F-11D3-BF4B-00C04F79EFBC}") = "BindingTest", "BindingTest\BindingTest\BindingTest.csproj", "{792CA3A2-848B-478E-970F-B434B3DA1724}"
EndProject
Project("{FAE04EC0-301F-11D3-BF4B-00C04F79EFBC}") = "EmployeesManager", "EmployeesManager\EmployeesManager.csproj", "{17DD8E14-0359-4788-946D-CFECCEF0017B}"
EndProject
Project("{FAE04EC0-301F-11D3-BF4B-00C04F79EFBC}") = "MVVMTestApp", "MVVMTesting\MVVMTestApp\MVVMTestApp.csproj", "{B641393D-A2CC-40FE-BF74-9083D1D417BF}"
EndProject
Project("{FAE04EC0-301F-11D3-BF4B-00C04F79EFBC}") = "DepartamentManager", "DepartamentManager\DepartamentManager\DepartamentManager.csproj", "{9938DF62-1DFD-4205-9B1C-375CE86E7A2F}"
EndProject
Project("{2150E333-8FDC-42A3-9474-1A3956D46DE8}") = "DataBaseTests", "DataBaseTests", "{F69DF927-5D6A-4B7E-8165-16E233E1F231}"
EndProject
Project("{FAE04EC0-301F-11D3-BF4B-00C04F79EFBC}") = "ADONETTestingApp", "DataBaseTests\ADONETTestingApp\ADONETTestingApp.csproj", "{1D3842FB-41CF-43E8-B19C-1DF1834C999C}"
EndProject
Project("{2150E333-8FDC-42A3-9474-1A3956D46DE8}") = "BindingGame", "BindingGame", "{A211A0B5-8303-4357-BBD5-6E12A80B6CB6}"
EndProject
Project("{FAE04EC0-301F-11D3-BF4B-00C04F79EFBC}") = "ZombieGame", "ZombieGame\ZombieGame.csproj", "{EDDEAEE7-A85E-4AA9-8F38-852414A56DC9}"
EndProject
Global
	GlobalSection(SolutionConfigurationPlatforms) = preSolution
		Debug|Any CPU = Debug|Any CPU
		Release|Any CPU = Release|Any CPU
	EndGlobalSection
	GlobalSection(ProjectConfigurationPlatforms) = postSolution
		{DFE50AF1-CF38-4A42-A1B7-E6D77C50A7EB}.Debug|Any CPU.ActiveCfg = Debug|Any CPU
		{DFE50AF1-CF38-4A42-A1B7-E6D77C50A7EB}.Debug|Any CPU.Build.0 = Debug|Any CPU
		{DFE50AF1-CF38-4A42-A1B7-E6D77C50A7EB}.Release|Any CPU.ActiveCfg = Release|Any CPU
		{DFE50AF1-CF38-4A42-A1B7-E6D77C50A7EB}.Release|Any CPU.Build.0 = Release|Any CPU
		{EAFD6F82-800A-414C-92CC-D311BE22EB2C}.Debug|Any CPU.ActiveCfg = Debug|Any CPU
		{EAFD6F82-800A-414C-92CC-D311BE22EB2C}.Debug|Any CPU.Build.0 = Debug|Any CPU
		{EAFD6F82-800A-414C-92CC-D311BE22EB2C}.Release|Any CPU.ActiveCfg = Release|Any CPU
		{EAFD6F82-800A-414C-92CC-D311BE22EB2C}.Release|Any CPU.Build.0 = Release|Any CPU
		{979A3B61-CC5E-47B4-9423-856BC20209CC}.Debug|Any CPU.ActiveCfg = Debug|Any CPU
		{979A3B61-CC5E-47B4-9423-856BC20209CC}.Debug|Any CPU.Build.0 = Debug|Any CPU
		{979A3B61-CC5E-47B4-9423-856BC20209CC}.Release|Any CPU.ActiveCfg = Release|Any CPU
		{979A3B61-CC5E-47B4-9423-856BC20209CC}.Release|Any CPU.Build.0 = Release|Any CPU
		{5A9FA63B-A334-4902-8CBA-82108592AB40}.Debug|Any CPU.ActiveCfg = Debug|Any CPU
		{5A9FA63B-A334-4902-8CBA-82108592AB40}.Debug|Any CPU.Build.0 = Debug|Any CPU
		{5A9FA63B-A334-4902-8CBA-82108592AB40}.Release|Any CPU.ActiveCfg = Release|Any CPU
		{5A9FA63B-A334-4902-8CBA-82108592AB40}.Release|Any CPU.Build.0 = Release|Any CPU
		{792CA3A2-848B-478E-970F-B434B3DA1724}.Debug|Any CPU.ActiveCfg = Debug|Any CPU
		{792CA3A2-848B-478E-970F-B434B3DA1724}.Debug|Any CPU.Build.0 = Debug|Any CPU
		{792CA3A2-848B-478E-970F-B434B3DA1724}.Release|Any CPU.ActiveCfg = Release|Any CPU
		{792CA3A2-848B-478E-970F-B434B3DA1724}.Release|Any CPU.Build.0 = Release|Any CPU
		{17DD8E14-0359-4788-946D-CFECCEF0017B}.Debug|Any CPU.ActiveCfg = Debug|Any CPU
		{17DD8E14-0359-4788-946D-CFECCEF0017B}.Debug|Any CPU.Build.0 = Debug|Any CPU
		{17DD8E14-0359-4788-946D-CFECCEF0017B}.Release|Any CPU.ActiveCfg = Release|Any CPU
		{17DD8E14-0359-4788-946D-CFECCEF0017B}.Release|Any CPU.Build.0 = Release|Any CPU
		{B641393D-A2CC-40FE-BF74-9083D1D417BF}.Debug|Any CPU.ActiveCfg = Debug|Any CPU
		{B641393D-A2CC-40FE-BF74-9083D1D417BF}.Debug|Any CPU.Build.0 = Debug|Any CPU
		{B641393D-A2CC-40FE-BF74-9083D1D417BF}.Release|Any CPU.ActiveCfg = Release|Any CPU
		{B641393D-A2CC-40FE-BF74-9083D1D417BF}.Release|Any CPU.Build.0 = Release|Any CPU
		{9938DF62-1DFD-4205-9B1C-375CE86E7A2F}.Debug|Any CPU.ActiveCfg = Debug|Any CPU
		{9938DF62-1DFD-4205-9B1C-375CE86E7A2F}.Debug|Any CPU.Build.0 = Debug|Any CPU
		{9938DF62-1DFD-4205-9B1C-375CE86E7A2F}.Release|Any CPU.ActiveCfg = Release|Any CPU
		{9938DF62-1DFD-4205-9B1C-375CE86E7A2F}.Release|Any CPU.Build.0 = Release|Any CPU
		{1D3842FB-41CF-43E8-B19C-1DF1834C999C}.Debug|Any CPU.ActiveCfg = Debug|Any CPU
		{1D3842FB-41CF-43E8-B19C-1DF1834C999C}.Debug|Any CPU.Build.0 = Debug|Any CPU
		{1D3842FB-41CF-43E8-B19C-1DF1834C999C}.Release|Any CPU.ActiveCfg = Release|Any CPU
		{1D3842FB-41CF-43E8-B19C-1DF1834C999C}.Release|Any CPU.Build.0 = Release|Any CPU
		{EDDEAEE7-A85E-4AA9-8F38-852414A56DC9}.Debug|Any CPU.ActiveCfg = Debug|Any CPU
		{EDDEAEE7-A85E-4AA9-8F38-852414A56DC9}.Debug|Any CPU.Build.0 = Debug|Any CPU
		{EDDEAEE7-A85E-4AA9-8F38-852414A56DC9}.Release|Any CPU.ActiveCfg = Release|Any CPU
		{EDDEAEE7-A85E-4AA9-8F38-852414A56DC9}.Release|Any CPU.Build.0 = Release|Any CPU
	EndGlobalSection
	GlobalSection(SolutionProperties) = preSolution
		HideSolutionNode = FALSE
	EndGlobalSection
	GlobalSection(NestedProjects) = preSolution
		{EAFD6F82-800A-414C-92CC-D311BE22EB2C} = {3E8C7A1E-7837-460B-BBEA-80E76ED17767}
		{979A3B61-CC5E-47B4-9423-856BC20209CC} = {3E8C7A1E-7837-460B-BBEA-80E76ED17767}
		{5A9FA63B-A334-4902-8CBA-82108592AB40} = {3E8C7A1E-7837-460B-BBEA-80E76ED17767}
		{792CA3A2-848B-478E-970F-B434B3DA1724} = {C8A2C5A4-7A37-4D2B-97BA-28CA9D2C0BBD}
		{17DD8E14-0359-4788-946D-CFECCEF0017B} = {C8A2C5A4-7A37-4D2B-97BA-28CA9D2C0BBD}
		{B641393D-A2CC-40FE-BF74-9083D1D417BF} = {C8A2C5A4-7A37-4D2B-97BA-28CA9D2C0BBD}
		{9938DF62-1DFD-4205-9B1C-375CE86E7A2F} = {C8A2C5A4-7A37-4D2B-97BA-28CA9D2C0BBD}
		{1D3842FB-41CF-43E8-B19C-1DF1834C999C} = {F69DF927-5D6A-4B7E-8165-16E233E1F231}
		{EDDEAEE7-A85E-4AA9-8F38-852414A56DC9} = {A211A0B5-8303-4357-BBD5-6E12A80B6CB6}
	EndGlobalSection
	GlobalSection(ExtensibilityGlobals) = postSolution
		SolutionGuid = {4F53746F-EDD7-4B65-9FFE-3FA603972B41}
	EndGlobalSection
EndGlobal
